
Microsoft Visual Studio Solution File, Format Version 12.00
# Visual Studio 2013
VisualStudioVersion = 12.0.31101.0
MinimumVisualStudioVersion = 10.0.40219.1
Project("{FAE04EC0-301F-11D3-BF4B-00C04F79EFBC}") = "DataApp.Core", "DataApp.Core\DataApp.Core.csproj", "{7B1E5FEC-A36B-43B3-B7CE-A5E159A8F647}"
EndProject
Project("{2150E333-8FDC-42A3-9474-1A3956D46DE8}") = "Core", "Core", "{9C74544D-AFBF-4298-BFBD-A5AA96FFFEF4}"
EndProject
Project("{2150E333-8FDC-42A3-9474-1A3956D46DE8}") = "Desktop", "Desktop", "{8BCFE87A-5DFA-48F7-89B9-66AE10B9D44D}"
EndProject
Project("{FAE04EC0-301F-11D3-BF4B-00C04F79EFBC}") = "DataApp.Winforms", "DataApp.Winforms\DataApp.Winforms.csproj", "{6A333AF0-AC22-4C92-9A6E-B60412840830}"
EndProject
Project("{FAE04EC0-301F-11D3-BF4B-00C04F79EFBC}") = "DataApp.Core.Test", "DataApp.Core.Test\DataApp.Core.Test.csproj", "{E2470AA2-9D7F-433D-BE38-B561FFC05826}"
EndProject
Project("{FAE04EC0-301F-11D3-BF4B-00C04F79EFBC}") = "DataApp.DBMigrator", "DataApp.DBMigrator\DataApp.DBMigrator.csproj", "{BC1CF403-7548-4117-855B-2C72C1B332CD}"
EndProject
Global
	GlobalSection(SolutionConfigurationPlatforms) = preSolution
		Debug|Any CPU = Debug|Any CPU
		Release|Any CPU = Release|Any CPU
	EndGlobalSection
	GlobalSection(ProjectConfigurationPlatforms) = postSolution
		{7B1E5FEC-A36B-43B3-B7CE-A5E159A8F647}.Debug|Any CPU.ActiveCfg = Debug|Any CPU
		{7B1E5FEC-A36B-43B3-B7CE-A5E159A8F647}.Debug|Any CPU.Build.0 = Debug|Any CPU
		{7B1E5FEC-A36B-43B3-B7CE-A5E159A8F647}.Release|Any CPU.ActiveCfg = Release|Any CPU
		{7B1E5FEC-A36B-43B3-B7CE-A5E159A8F647}.Release|Any CPU.Build.0 = Release|Any CPU
		{6A333AF0-AC22-4C92-9A6E-B60412840830}.Debug|Any CPU.ActiveCfg = Debug|Any CPU
		{6A333AF0-AC22-4C92-9A6E-B60412840830}.Debug|Any CPU.Build.0 = Debug|Any CPU
		{6A333AF0-AC22-4C92-9A6E-B60412840830}.Release|Any CPU.ActiveCfg = Release|Any CPU
		{6A333AF0-AC22-4C92-9A6E-B60412840830}.Release|Any CPU.Build.0 = Release|Any CPU
		{E2470AA2-9D7F-433D-BE38-B561FFC05826}.Debug|Any CPU.ActiveCfg = Debug|Any CPU
		{E2470AA2-9D7F-433D-BE38-B561FFC05826}.Debug|Any CPU.Build.0 = Debug|Any CPU
		{E2470AA2-9D7F-433D-BE38-B561FFC05826}.Release|Any CPU.ActiveCfg = Release|Any CPU
		{E2470AA2-9D7F-433D-BE38-B561FFC05826}.Release|Any CPU.Build.0 = Release|Any CPU
		{BC1CF403-7548-4117-855B-2C72C1B332CD}.Debug|Any CPU.ActiveCfg = Debug|Any CPU
		{BC1CF403-7548-4117-855B-2C72C1B332CD}.Debug|Any CPU.Build.0 = Debug|Any CPU
		{BC1CF403-7548-4117-855B-2C72C1B332CD}.Release|Any CPU.ActiveCfg = Release|Any CPU
		{BC1CF403-7548-4117-855B-2C72C1B332CD}.Release|Any CPU.Build.0 = Release|Any CPU
	EndGlobalSection
	GlobalSection(SolutionProperties) = preSolution
		HideSolutionNode = FALSE
	EndGlobalSection
	GlobalSection(NestedProjects) = preSolution
		{7B1E5FEC-A36B-43B3-B7CE-A5E159A8F647} = {9C74544D-AFBF-4298-BFBD-A5AA96FFFEF4}
		{6A333AF0-AC22-4C92-9A6E-B60412840830} = {8BCFE87A-5DFA-48F7-89B9-66AE10B9D44D}
		{E2470AA2-9D7F-433D-BE38-B561FFC05826} = {9C74544D-AFBF-4298-BFBD-A5AA96FFFEF4}
		{BC1CF403-7548-4117-855B-2C72C1B332CD} = {8BCFE87A-5DFA-48F7-89B9-66AE10B9D44D}
	EndGlobalSection
EndGlobal
